// !$*UTF8*$!
{
	archiveVersion = 1;
	classes = {
	};
	objectVersion = 50;
	objects = {

/* Begin PBXBuildFile section */
		18A48F04251BF92600C8D946 /* AppDelegate.swift in Sources */ = {isa = PBXBuildFile; fileRef = 18A48F03251BF92600C8D946 /* AppDelegate.swift */; };
		18A48F06251BF92600C8D946 /* SceneDelegate.swift in Sources */ = {isa = PBXBuildFile; fileRef = 18A48F05251BF92600C8D946 /* SceneDelegate.swift */; };
		18A48F08251BF92600C8D946 /* ViewController.swift in Sources */ = {isa = PBXBuildFile; fileRef = 18A48F07251BF92600C8D946 /* ViewController.swift */; };
		18A48F0B251BF92600C8D946 /* Main.storyboard in Resources */ = {isa = PBXBuildFile; fileRef = 18A48F09251BF92600C8D946 /* Main.storyboard */; };
		18A48F0D251BF92A00C8D946 /* Assets.xcassets in Resources */ = {isa = PBXBuildFile; fileRef = 18A48F0C251BF92A00C8D946 /* Assets.xcassets */; };
		18A48F10251BF92A00C8D946 /* LaunchScreen.storyboard in Resources */ = {isa = PBXBuildFile; fileRef = 18A48F0E251BF92A00C8D946 /* LaunchScreen.storyboard */; };
		18A48F1B251BF92A00C8D946 /* FlixsterTests.swift in Sources */ = {isa = PBXBuildFile; fileRef = 18A48F1A251BF92A00C8D946 /* FlixsterTests.swift */; };
		18A48F26251BF92A00C8D946 /* FlixsterUITests.swift in Sources */ = {isa = PBXBuildFile; fileRef = 18A48F25251BF92A00C8D946 /* FlixsterUITests.swift */; };
		18A48F34251BFA6E00C8D946 /* MoviesViewController.swift in Sources */ = {isa = PBXBuildFile; fileRef = 18A48F33251BFA6E00C8D946 /* MoviesViewController.swift */; };
		18A48F36251BFF9000C8D946 /* MovieCell.swift in Sources */ = {isa = PBXBuildFile; fileRef = 18A48F35251BFF9000C8D946 /* MovieCell.swift */; };
		2A3BA8077C60AFE9B8B76F41 /* Pods_FlixsterTests.framework in Frameworks */ = {isa = PBXBuildFile; fileRef = 80F58EDD1DA9476D22BF27B4 /* Pods_FlixsterTests.framework */; };
		77EE117BC37D64FE6123B34B /* Pods_Flixster.framework in Frameworks */ = {isa = PBXBuildFile; fileRef = 4304D79209AB267443A5AA7F /* Pods_Flixster.framework */; };
		7E6906E8D86BC958590826C5 /* Pods_Flixster_FlixsterUITests.framework in Frameworks */ = {isa = PBXBuildFile; fileRef = 14BAA777AE71C904E6275F7E /* Pods_Flixster_FlixsterUITests.framework */; };
/* End PBXBuildFile section */

/* Begin PBXContainerItemProxy section */
		18A48F17251BF92A00C8D946 /* PBXContainerItemProxy */ = {
			isa = PBXContainerItemProxy;
			containerPortal = 18A48EF8251BF92600C8D946 /* Project object */;
			proxyType = 1;
			remoteGlobalIDString = 18A48EFF251BF92600C8D946;
			remoteInfo = Flixster;
		};
		18A48F22251BF92A00C8D946 /* PBXContainerItemProxy */ = {
			isa = PBXContainerItemProxy;
			containerPortal = 18A48EF8251BF92600C8D946 /* Project object */;
			proxyType = 1;
			remoteGlobalIDString = 18A48EFF251BF92600C8D946;
			remoteInfo = Flixster;
		};
/* End PBXContainerItemProxy section */

/* Begin PBXFileReference section */
		09EE5BF7F34FE80399D1B66F /* Pods-Flixster-FlixsterUITests.release.xcconfig */ = {isa = PBXFileReference; includeInIndex = 1; lastKnownFileType = text.xcconfig; name = "Pods-Flixster-FlixsterUITests.release.xcconfig"; path = "Target Support Files/Pods-Flixster-FlixsterUITests/Pods-Flixster-FlixsterUITests.release.xcconfig"; sourceTree = "<group>"; };
		10512F8AC4DE8D7B54194E8E /* Pods-FlixsterTests.debug.xcconfig */ = {isa = PBXFileReference; includeInIndex = 1; lastKnownFileType = text.xcconfig; name = "Pods-FlixsterTests.debug.xcconfig"; path = "Target Support Files/Pods-FlixsterTests/Pods-FlixsterTests.debug.xcconfig"; sourceTree = "<group>"; };
		14BAA777AE71C904E6275F7E /* Pods_Flixster_FlixsterUITests.framework */ = {isa = PBXFileReference; explicitFileType = wrapper.framework; includeInIndex = 0; path = Pods_Flixster_FlixsterUITests.framework; sourceTree = BUILT_PRODUCTS_DIR; };
		18A48F00251BF92600C8D946 /* Flixster.app */ = {isa = PBXFileReference; explicitFileType = wrapper.application; includeInIndex = 0; path = Flixster.app; sourceTree = BUILT_PRODUCTS_DIR; };
		18A48F03251BF92600C8D946 /* AppDelegate.swift */ = {isa = PBXFileReference; lastKnownFileType = sourcecode.swift; path = AppDelegate.swift; sourceTree = "<group>"; };
		18A48F05251BF92600C8D946 /* SceneDelegate.swift */ = {isa = PBXFileReference; lastKnownFileType = sourcecode.swift; path = SceneDelegate.swift; sourceTree = "<group>"; };
		18A48F07251BF92600C8D946 /* ViewController.swift */ = {isa = PBXFileReference; lastKnownFileType = sourcecode.swift; path = ViewController.swift; sourceTree = "<group>"; };
		18A48F0A251BF92600C8D946 /* Base */ = {isa = PBXFileReference; lastKnownFileType = file.storyboard; name = Base; path = Base.lproj/Main.storyboard; sourceTree = "<group>"; };
		18A48F0C251BF92A00C8D946 /* Assets.xcassets */ = {isa = PBXFileReference; lastKnownFileType = folder.assetcatalog; path = Assets.xcassets; sourceTree = "<group>"; };
		18A48F0F251BF92A00C8D946 /* Base */ = {isa = PBXFileReference; lastKnownFileType = file.storyboard; name = Base; path = Base.lproj/LaunchScreen.storyboard; sourceTree = "<group>"; };
		18A48F11251BF92A00C8D946 /* Info.plist */ = {isa = PBXFileReference; lastKnownFileType = text.plist.xml; path = Info.plist; sourceTree = "<group>"; };
		18A48F16251BF92A00C8D946 /* FlixsterTests.xctest */ = {isa = PBXFileReference; explicitFileType = wrapper.cfbundle; includeInIndex = 0; path = FlixsterTests.xctest; sourceTree = BUILT_PRODUCTS_DIR; };
		18A48F1A251BF92A00C8D946 /* FlixsterTests.swift */ = {isa = PBXFileReference; lastKnownFileType = sourcecode.swift; path = FlixsterTests.swift; sourceTree = "<group>"; };
		18A48F1C251BF92A00C8D946 /* Info.plist */ = {isa = PBXFileReference; lastKnownFileType = text.plist.xml; path = Info.plist; sourceTree = "<group>"; };
		18A48F21251BF92A00C8D946 /* FlixsterUITests.xctest */ = {isa = PBXFileReference; explicitFileType = wrapper.cfbundle; includeInIndex = 0; path = FlixsterUITests.xctest; sourceTree = BUILT_PRODUCTS_DIR; };
		18A48F25251BF92A00C8D946 /* FlixsterUITests.swift */ = {isa = PBXFileReference; lastKnownFileType = sourcecode.swift; path = FlixsterUITests.swift; sourceTree = "<group>"; };
		18A48F27251BF92A00C8D946 /* Info.plist */ = {isa = PBXFileReference; lastKnownFileType = text.plist.xml; path = Info.plist; sourceTree = "<group>"; };
		18A48F33251BFA6E00C8D946 /* MoviesViewController.swift */ = {isa = PBXFileReference; lastKnownFileType = sourcecode.swift; path = MoviesViewController.swift; sourceTree = "<group>"; };
		18A48F35251BFF9000C8D946 /* MovieCell.swift */ = {isa = PBXFileReference; lastKnownFileType = sourcecode.swift; path = MovieCell.swift; sourceTree = "<group>"; };
		4304D79209AB267443A5AA7F /* Pods_Flixster.framework */ = {isa = PBXFileReference; explicitFileType = wrapper.framework; includeInIndex = 0; path = Pods_Flixster.framework; sourceTree = BUILT_PRODUCTS_DIR; };
		47852D4735FCE2892FB3595F /* Pods-Flixster-FlixsterUITests.debug.xcconfig */ = {isa = PBXFileReference; includeInIndex = 1; lastKnownFileType = text.xcconfig; name = "Pods-Flixster-FlixsterUITests.debug.xcconfig"; path = "Target Support Files/Pods-Flixster-FlixsterUITests/Pods-Flixster-FlixsterUITests.debug.xcconfig"; sourceTree = "<group>"; };
		6B02E2BA3BCFEB983C6CB79C /* Pods-Flixster.debug.xcconfig */ = {isa = PBXFileReference; includeInIndex = 1; lastKnownFileType = text.xcconfig; name = "Pods-Flixster.debug.xcconfig"; path = "Target Support Files/Pods-Flixster/Pods-Flixster.debug.xcconfig"; sourceTree = "<group>"; };
		80F58EDD1DA9476D22BF27B4 /* Pods_FlixsterTests.framework */ = {isa = PBXFileReference; explicitFileType = wrapper.framework; includeInIndex = 0; path = Pods_FlixsterTests.framework; sourceTree = BUILT_PRODUCTS_DIR; };
		8B2EF114E734A916B53627DE /* Pods-Flixster.release.xcconfig */ = {isa = PBXFileReference; includeInIndex = 1; lastKnownFileType = text.xcconfig; name = "Pods-Flixster.release.xcconfig"; path = "Target Support Files/Pods-Flixster/Pods-Flixster.release.xcconfig"; sourceTree = "<group>"; };
		93DE8656BB402142B656D765 /* Pods-FlixsterTests.release.xcconfig */ = {isa = PBXFileReference; includeInIndex = 1; lastKnownFileType = text.xcconfig; name = "Pods-FlixsterTests.release.xcconfig"; path = "Target Support Files/Pods-FlixsterTests/Pods-FlixsterTests.release.xcconfig"; sourceTree = "<group>"; };
/* End PBXFileReference section */

/* Begin PBXFrameworksBuildPhase section */
		18A48EFD251BF92600C8D946 /* Frameworks */ = {
			isa = PBXFrameworksBuildPhase;
			buildActionMask = 2147483647;
			files = (
				77EE117BC37D64FE6123B34B /* Pods_Flixster.framework in Frameworks */,
			);
			runOnlyForDeploymentPostprocessing = 0;
		};
		18A48F13251BF92A00C8D946 /* Frameworks */ = {
			isa = PBXFrameworksBuildPhase;
			buildActionMask = 2147483647;
			files = (
				2A3BA8077C60AFE9B8B76F41 /* Pods_FlixsterTests.framework in Frameworks */,
			);
			runOnlyForDeploymentPostprocessing = 0;
		};
		18A48F1E251BF92A00C8D946 /* Frameworks */ = {
			isa = PBXFrameworksBuildPhase;
			buildActionMask = 2147483647;
			files = (
				7E6906E8D86BC958590826C5 /* Pods_Flixster_FlixsterUITests.framework in Frameworks */,
			);
			runOnlyForDeploymentPostprocessing = 0;
		};
/* End PBXFrameworksBuildPhase section */

/* Begin PBXGroup section */
		0AE61F0FEDECECD9DE948CAB /* Frameworks */ = {
			isa = PBXGroup;
			children = (
				4304D79209AB267443A5AA7F /* Pods_Flixster.framework */,
				14BAA777AE71C904E6275F7E /* Pods_Flixster_FlixsterUITests.framework */,
				80F58EDD1DA9476D22BF27B4 /* Pods_FlixsterTests.framework */,
			);
			name = Frameworks;
			sourceTree = "<group>";
		};
		18A48EF7251BF92600C8D946 = {
			isa = PBXGroup;
			children = (
				18A48F02251BF92600C8D946 /* Flixster */,
				18A48F19251BF92A00C8D946 /* FlixsterTests */,
				18A48F24251BF92A00C8D946 /* FlixsterUITests */,
				18A48F01251BF92600C8D946 /* Products */,
				71D97F1C2ECB16B811640ED8 /* Pods */,
				0AE61F0FEDECECD9DE948CAB /* Frameworks */,
			);
			sourceTree = "<group>";
		};
		18A48F01251BF92600C8D946 /* Products */ = {
			isa = PBXGroup;
			children = (
				18A48F00251BF92600C8D946 /* Flixster.app */,
				18A48F16251BF92A00C8D946 /* FlixsterTests.xctest */,
				18A48F21251BF92A00C8D946 /* FlixsterUITests.xctest */,
			);
			name = Products;
			sourceTree = "<group>";
		};
		18A48F02251BF92600C8D946 /* Flixster */ = {
			isa = PBXGroup;
			children = (
				18A48F03251BF92600C8D946 /* AppDelegate.swift */,
				18A48F05251BF92600C8D946 /* SceneDelegate.swift */,
				18A48F07251BF92600C8D946 /* ViewController.swift */,
				18A48F09251BF92600C8D946 /* Main.storyboard */,
				18A48F35251BFF9000C8D946 /* MovieCell.swift */,
				18A48F33251BFA6E00C8D946 /* MoviesViewController.swift */,
				18A48F0C251BF92A00C8D946 /* Assets.xcassets */,
				18A48F0E251BF92A00C8D946 /* LaunchScreen.storyboard */,
				18A48F11251BF92A00C8D946 /* Info.plist */,
			);
			path = Flixster;
			sourceTree = "<group>";
		};
		18A48F19251BF92A00C8D946 /* FlixsterTests */ = {
			isa = PBXGroup;
			children = (
				18A48F1A251BF92A00C8D946 /* FlixsterTests.swift */,
				18A48F1C251BF92A00C8D946 /* Info.plist */,
			);
			path = FlixsterTests;
			sourceTree = "<group>";
		};
		18A48F24251BF92A00C8D946 /* FlixsterUITests */ = {
			isa = PBXGroup;
			children = (
				18A48F25251BF92A00C8D946 /* FlixsterUITests.swift */,
				18A48F27251BF92A00C8D946 /* Info.plist */,
			);
			path = FlixsterUITests;
			sourceTree = "<group>";
		};
		71D97F1C2ECB16B811640ED8 /* Pods */ = {
			isa = PBXGroup;
			children = (
				6B02E2BA3BCFEB983C6CB79C /* Pods-Flixster.debug.xcconfig */,
				8B2EF114E734A916B53627DE /* Pods-Flixster.release.xcconfig */,
				47852D4735FCE2892FB3595F /* Pods-Flixster-FlixsterUITests.debug.xcconfig */,
				09EE5BF7F34FE80399D1B66F /* Pods-Flixster-FlixsterUITests.release.xcconfig */,
				10512F8AC4DE8D7B54194E8E /* Pods-FlixsterTests.debug.xcconfig */,
				93DE8656BB402142B656D765 /* Pods-FlixsterTests.release.xcconfig */,
			);
			name = Pods;
			path = Pods;
			sourceTree = "<group>";
		};
/* End PBXGroup section */

/* Begin PBXNativeTarget section */
		18A48EFF251BF92600C8D946 /* Flixster */ = {
			isa = PBXNativeTarget;
			buildConfigurationList = 18A48F2A251BF92A00C8D946 /* Build configuration list for PBXNativeTarget "Flixster" */;
			buildPhases = (
				583556F576E95656148FBF1F /* [CP] Check Pods Manifest.lock */,
				18A48EFC251BF92600C8D946 /* Sources */,
				18A48EFD251BF92600C8D946 /* Frameworks */,
				18A48EFE251BF92600C8D946 /* Resources */,
				51EF674CFAA247BABF772A28 /* [CP] Embed Pods Frameworks */,
			);
			buildRules = (
			);
			dependencies = (
			);
			name = Flixster;
			productName = Flixster;
			productReference = 18A48F00251BF92600C8D946 /* Flixster.app */;
			productType = "com.apple.product-type.application";
		};
		18A48F15251BF92A00C8D946 /* FlixsterTests */ = {
			isa = PBXNativeTarget;
			buildConfigurationList = 18A48F2D251BF92A00C8D946 /* Build configuration list for PBXNativeTarget "FlixsterTests" */;
			buildPhases = (
				7E9C2F899361D86CB1F60B97 /* [CP] Check Pods Manifest.lock */,
				18A48F12251BF92A00C8D946 /* Sources */,
				18A48F13251BF92A00C8D946 /* Frameworks */,
				18A48F14251BF92A00C8D946 /* Resources */,
			);
			buildRules = (
			);
			dependencies = (
				18A48F18251BF92A00C8D946 /* PBXTargetDependency */,
			);
			name = FlixsterTests;
			productName = FlixsterTests;
			productReference = 18A48F16251BF92A00C8D946 /* FlixsterTests.xctest */;
			productType = "com.apple.product-type.bundle.unit-test";
		};
		18A48F20251BF92A00C8D946 /* FlixsterUITests */ = {
			isa = PBXNativeTarget;
			buildConfigurationList = 18A48F30251BF92A00C8D946 /* Build configuration list for PBXNativeTarget "FlixsterUITests" */;
			buildPhases = (
				FC4286430A27454CC4956C84 /* [CP] Check Pods Manifest.lock */,
				18A48F1D251BF92A00C8D946 /* Sources */,
				18A48F1E251BF92A00C8D946 /* Frameworks */,
				18A48F1F251BF92A00C8D946 /* Resources */,
				8D9911B77CBB17EDC114B3DC /* [CP] Embed Pods Frameworks */,
			);
			buildRules = (
			);
			dependencies = (
				18A48F23251BF92A00C8D946 /* PBXTargetDependency */,
			);
			name = FlixsterUITests;
			productName = FlixsterUITests;
			productReference = 18A48F21251BF92A00C8D946 /* FlixsterUITests.xctest */;
			productType = "com.apple.product-type.bundle.ui-testing";
		};
/* End PBXNativeTarget section */

/* Begin PBXProject section */
		18A48EF8251BF92600C8D946 /* Project object */ = {
			isa = PBXProject;
			attributes = {
				LastSwiftUpdateCheck = 1160;
				LastUpgradeCheck = 1160;
				ORGANIZATIONNAME = Codepath;
				TargetAttributes = {
					18A48EFF251BF92600C8D946 = {
						CreatedOnToolsVersion = 11.6;
					};
					18A48F15251BF92A00C8D946 = {
						CreatedOnToolsVersion = 11.6;
						TestTargetID = 18A48EFF251BF92600C8D946;
					};
					18A48F20251BF92A00C8D946 = {
						CreatedOnToolsVersion = 11.6;
						TestTargetID = 18A48EFF251BF92600C8D946;
					};
				};
			};
			buildConfigurationList = 18A48EFB251BF92600C8D946 /* Build configuration list for PBXProject "Flixster" */;
			compatibilityVersion = "Xcode 9.3";
			developmentRegion = en;
			hasScannedForEncodings = 0;
			knownRegions = (
				en,
				Base,
			);
			mainGroup = 18A48EF7251BF92600C8D946;
			productRefGroup = 18A48F01251BF92600C8D946 /* Products */;
			projectDirPath = "";
			projectRoot = "";
			targets = (
				18A48EFF251BF92600C8D946 /* Flixster */,
				18A48F15251BF92A00C8D946 /* FlixsterTests */,
				18A48F20251BF92A00C8D946 /* FlixsterUITests */,
			);
		};
/* End PBXProject section */

/* Begin PBXResourcesBuildPhase section */
		18A48EFE251BF92600C8D946 /* Resources */ = {
			isa = PBXResourcesBuildPhase;
			buildActionMask = 2147483647;
			files = (
				18A48F10251BF92A00C8D946 /* LaunchScreen.storyboard in Resources */,
				18A48F0D251BF92A00C8D946 /* Assets.xcassets in Resources */,
				18A48F0B251BF92600C8D946 /* Main.storyboard in Resources */,
			);
			runOnlyForDeploymentPostprocessing = 0;
		};
		18A48F14251BF92A00C8D946 /* Resources */ = {
			isa = PBXResourcesBuildPhase;
			buildActionMask = 2147483647;
			files = (
			);
			runOnlyForDeploymentPostprocessing = 0;
		};
		18A48F1F251BF92A00C8D946 /* Resources */ = {
			isa = PBXResourcesBuildPhase;
			buildActionMask = 2147483647;
			files = (
			);
			runOnlyForDeploymentPostprocessing = 0;
		};
/* End PBXResourcesBuildPhase section */

/* Begin PBXShellScriptBuildPhase section */
		51EF674CFAA247BABF772A28 /* [CP] Embed Pods Frameworks */ = {
			isa = PBXShellScriptBuildPhase;
			buildActionMask = 2147483647;
			files = (
			);
			inputFileListPaths = (
				"${PODS_ROOT}/Target Support Files/Pods-Flixster/Pods-Flixster-frameworks-${CONFIGURATION}-input-files.xcfilelist",
			);
			name = "[CP] Embed Pods Frameworks";
			outputFileListPaths = (
				"${PODS_ROOT}/Target Support Files/Pods-Flixster/Pods-Flixster-frameworks-${CONFIGURATION}-output-files.xcfilelist",
			);
			runOnlyForDeploymentPostprocessing = 0;
			shellPath = /bin/sh;
			shellScript = "\"${PODS_ROOT}/Target Support Files/Pods-Flixster/Pods-Flixster-frameworks.sh\"\n";
			showEnvVarsInLog = 0;
		};
		583556F576E95656148FBF1F /* [CP] Check Pods Manifest.lock */ = {
			isa = PBXShellScriptBuildPhase;
			buildActionMask = 2147483647;
			files = (
			);
			inputFileListPaths = (
			);
			inputPaths = (
				"${PODS_PODFILE_DIR_PATH}/Podfile.lock",
				"${PODS_ROOT}/Manifest.lock",
			);
			name = "[CP] Check Pods Manifest.lock";
			outputFileListPaths = (
			);
			outputPaths = (
				"$(DERIVED_FILE_DIR)/Pods-Flixster-checkManifestLockResult.txt",
			);
			runOnlyForDeploymentPostprocessing = 0;
			shellPath = /bin/sh;
			shellScript = "diff \"${PODS_PODFILE_DIR_PATH}/Podfile.lock\" \"${PODS_ROOT}/Manifest.lock\" > /dev/null\nif [ $? != 0 ] ; then\n    # print error to STDERR\n    echo \"error: The sandbox is not in sync with the Podfile.lock. Run 'pod install' or update your CocoaPods installation.\" >&2\n    exit 1\nfi\n# This output is used by Xcode 'outputs' to avoid re-running this script phase.\necho \"SUCCESS\" > \"${SCRIPT_OUTPUT_FILE_0}\"\n";
			showEnvVarsInLog = 0;
		};
		7E9C2F899361D86CB1F60B97 /* [CP] Check Pods Manifest.lock */ = {
			isa = PBXShellScriptBuildPhase;
			buildActionMask = 2147483647;
			files = (
			);
			inputFileListPaths = (
			);
			inputPaths = (
				"${PODS_PODFILE_DIR_PATH}/Podfile.lock",
				"${PODS_ROOT}/Manifest.lock",
			);
			name = "[CP] Check Pods Manifest.lock";
			outputFileListPaths = (
			);
			outputPaths = (
				"$(DERIVED_FILE_DIR)/Pods-FlixsterTests-checkManifestLockResult.txt",
			);
			runOnlyForDeploymentPostprocessing = 0;
			shellPath = /bin/sh;
			shellScript = "diff \"${PODS_PODFILE_DIR_PATH}/Podfile.lock\" \"${PODS_ROOT}/Manifest.lock\" > /dev/null\nif [ $? != 0 ] ; then\n    # print error to STDERR\n    echo \"error: The sandbox is not in sync with the Podfile.lock. Run 'pod install' or update your CocoaPods installation.\" >&2\n    exit 1\nfi\n# This output is used by Xcode 'outputs' to avoid re-running this script phase.\necho \"SUCCESS\" > \"${SCRIPT_OUTPUT_FILE_0}\"\n";
			showEnvVarsInLog = 0;
		};
		8D9911B77CBB17EDC114B3DC /* [CP] Embed Pods Frameworks */ = {
			isa = PBXShellScriptBuildPhase;
			buildActionMask = 2147483647;
			files = (
			);
			inputFileListPaths = (
				"${PODS_ROOT}/Target Support Files/Pods-Flixster-FlixsterUITests/Pods-Flixster-FlixsterUITests-frameworks-${CONFIGURATION}-input-files.xcfilelist",
			);
			name = "[CP] Embed Pods Frameworks";
			outputFileListPaths = (
				"${PODS_ROOT}/Target Support Files/Pods-Flixster-FlixsterUITests/Pods-Flixster-FlixsterUITests-frameworks-${CONFIGURATION}-output-files.xcfilelist",
			);
			runOnlyForDeploymentPostprocessing = 0;
			shellPath = /bin/sh;
			shellScript = "\"${PODS_ROOT}/Target Support Files/Pods-Flixster-FlixsterUITests/Pods-Flixster-FlixsterUITests-frameworks.sh\"\n";
			showEnvVarsInLog = 0;
		};
		FC4286430A27454CC4956C84 /* [CP] Check Pods Manifest.lock */ = {
			isa = PBXShellScriptBuildPhase;
			buildActionMask = 2147483647;
			files = (
			);
			inputFileListPaths = (
			);
			inputPaths = (
				"${PODS_PODFILE_DIR_PATH}/Podfile.lock",
				"${PODS_ROOT}/Manifest.lock",
			);
			name = "[CP] Check Pods Manifest.lock";
			outputFileListPaths = (
			);
			outputPaths = (
				"$(DERIVED_FILE_DIR)/Pods-Flixster-FlixsterUITests-checkManifestLockResult.txt",
			);
			runOnlyForDeploymentPostprocessing = 0;
			shellPath = /bin/sh;
			shellScript = "diff \"${PODS_PODFILE_DIR_PATH}/Podfile.lock\" \"${PODS_ROOT}/Manifest.lock\" > /dev/null\nif [ $? != 0 ] ; then\n    # print error to STDERR\n    echo \"error: The sandbox is not in sync with the Podfile.lock. Run 'pod install' or update your CocoaPods installation.\" >&2\n    exit 1\nfi\n# This output is used by Xcode 'outputs' to avoid re-running this script phase.\necho \"SUCCESS\" > \"${SCRIPT_OUTPUT_FILE_0}\"\n";
			showEnvVarsInLog = 0;
		};
/* End PBXShellScriptBuildPhase section */

/* Begin PBXSourcesBuildPhase section */
		18A48EFC251BF92600C8D946 /* Sources */ = {
			isa = PBXSourcesBuildPhase;
			buildActionMask = 2147483647;
			files = (
				18A48F08251BF92600C8D946 /* ViewController.swift in Sources */,
				18A48F04251BF92600C8D946 /* AppDelegate.swift in Sources */,
				18A48F06251BF92600C8D946 /* SceneDelegate.swift in Sources */,
				18A48F36251BFF9000C8D946 /* MovieCell.swift in Sources */,
				18A48F34251BFA6E00C8D946 /* MoviesViewController.swift in Sources */,
			);
			runOnlyForDeploymentPostprocessing = 0;
		};
		18A48F12251BF92A00C8D946 /* Sources */ = {
			isa = PBXSourcesBuildPhase;
			buildActionMask = 2147483647;
			files = (
				18A48F1B251BF92A00C8D946 /* FlixsterTests.swift in Sources */,
			);
			runOnlyForDeploymentPostprocessing = 0;
		};
		18A48F1D251BF92A00C8D946 /* Sources */ = {
			isa = PBXSourcesBuildPhase;
			buildActionMask = 2147483647;
			files = (
				18A48F26251BF92A00C8D946 /* FlixsterUITests.swift in Sources */,
			);
			runOnlyForDeploymentPostprocessing = 0;
		};
/* End PBXSourcesBuildPhase section */

/* Begin PBXTargetDependency section */
		18A48F18251BF92A00C8D946 /* PBXTargetDependency */ = {
			isa = PBXTargetDependency;
			target = 18A48EFF251BF92600C8D946 /* Flixster */;
			targetProxy = 18A48F17251BF92A00C8D946 /* PBXContainerItemProxy */;
		};
		18A48F23251BF92A00C8D946 /* PBXTargetDependency */ = {
			isa = PBXTargetDependency;
			target = 18A48EFF251BF92600C8D946 /* Flixster */;
			targetProxy = 18A48F22251BF92A00C8D946 /* PBXContainerItemProxy */;
		};
/* End PBXTargetDependency section */

/* Begin PBXVariantGroup section */
		18A48F09251BF92600C8D946 /* Main.storyboard */ = {
			isa = PBXVariantGroup;
			children = (
				18A48F0A251BF92600C8D946 /* Base */,
			);
			name = Main.storyboard;
			sourceTree = "<group>";
		};
		18A48F0E251BF92A00C8D946 /* LaunchScreen.storyboard */ = {
			isa = PBXVariantGroup;
			children = (
				18A48F0F251BF92A00C8D946 /* Base */,
			);
			name = LaunchScreen.storyboard;
			sourceTree = "<group>";
		};
/* End PBXVariantGroup section */

/* Begin XCBuildConfiguration section */
		18A48F28251BF92A00C8D946 /* Debug */ = {
			isa = XCBuildConfiguration;
			buildSettings = {
				ALWAYS_SEARCH_USER_PATHS = NO;
				CLANG_ANALYZER_NONNULL = YES;
				CLANG_ANALYZER_NUMBER_OBJECT_CONVERSION = YES_AGGRESSIVE;
				CLANG_CXX_LANGUAGE_STANDARD = "gnu++14";
				CLANG_CXX_LIBRARY = "libc++";
				CLANG_ENABLE_MODULES = YES;
				CLANG_ENABLE_OBJC_ARC = YES;
				CLANG_ENABLE_OBJC_WEAK = YES;
				CLANG_WARN_BLOCK_CAPTURE_AUTORELEASING = YES;
				CLANG_WARN_BOOL_CONVERSION = YES;
				CLANG_WARN_COMMA = YES;
				CLANG_WARN_CONSTANT_CONVERSION = YES;
				CLANG_WARN_DEPRECATED_OBJC_IMPLEMENTATIONS = YES;
				CLANG_WARN_DIRECT_OBJC_ISA_USAGE = YES_ERROR;
				CLANG_WARN_DOCUMENTATION_COMMENTS = YES;
				CLANG_WARN_EMPTY_BODY = YES;
				CLANG_WARN_ENUM_CONVERSION = YES;
				CLANG_WARN_INFINITE_RECURSION = YES;
				CLANG_WARN_INT_CONVERSION = YES;
				CLANG_WARN_NON_LITERAL_NULL_CONVERSION = YES;
				CLANG_WARN_OBJC_IMPLICIT_RETAIN_SELF = YES;
				CLANG_WARN_OBJC_LITERAL_CONVERSION = YES;
				CLANG_WARN_OBJC_ROOT_CLASS = YES_ERROR;
				CLANG_WARN_RANGE_LOOP_ANALYSIS = YES;
				CLANG_WARN_STRICT_PROTOTYPES = YES;
				CLANG_WARN_SUSPICIOUS_MOVE = YES;
				CLANG_WARN_UNGUARDED_AVAILABILITY = YES_AGGRESSIVE;
				CLANG_WARN_UNREACHABLE_CODE = YES;
				CLANG_WARN__DUPLICATE_METHOD_MATCH = YES;
				COPY_PHASE_STRIP = NO;
				DEBUG_INFORMATION_FORMAT = dwarf;
				ENABLE_STRICT_OBJC_MSGSEND = YES;
				ENABLE_TESTABILITY = YES;
				GCC_C_LANGUAGE_STANDARD = gnu11;
				GCC_DYNAMIC_NO_PIC = NO;
				GCC_NO_COMMON_BLOCKS = YES;
				GCC_OPTIMIZATION_LEVEL = 0;
				GCC_PREPROCESSOR_DEFINITIONS = (
					"DEBUG=1",
					"$(inherited)",
				);
				GCC_WARN_64_TO_32_BIT_CONVERSION = YES;
				GCC_WARN_ABOUT_RETURN_TYPE = YES_ERROR;
				GCC_WARN_UNDECLARED_SELECTOR = YES;
				GCC_WARN_UNINITIALIZED_AUTOS = YES_AGGRESSIVE;
				GCC_WARN_UNUSED_FUNCTION = YES;
				GCC_WARN_UNUSED_VARIABLE = YES;
				IPHONEOS_DEPLOYMENT_TARGET = 13.6;
				MTL_ENABLE_DEBUG_INFO = INCLUDE_SOURCE;
				MTL_FAST_MATH = YES;
				ONLY_ACTIVE_ARCH = YES;
				SDKROOT = iphoneos;
				SWIFT_ACTIVE_COMPILATION_CONDITIONS = DEBUG;
				SWIFT_OPTIMIZATION_LEVEL = "-Onone";
			};
			name = Debug;
		};
		18A48F29251BF92A00C8D946 /* Release */ = {
			isa = XCBuildConfiguration;
			buildSettings = {
				ALWAYS_SEARCH_USER_PATHS = NO;
				CLANG_ANALYZER_NONNULL = YES;
				CLANG_ANALYZER_NUMBER_OBJECT_CONVERSION = YES_AGGRESSIVE;
				CLANG_CXX_LANGUAGE_STANDARD = "gnu++14";
				CLANG_CXX_LIBRARY = "libc++";
				CLANG_ENABLE_MODULES = YES;
				CLANG_ENABLE_OBJC_ARC = YES;
				CLANG_ENABLE_OBJC_WEAK = YES;
				CLANG_WARN_BLOCK_CAPTURE_AUTORELEASING = YES;
				CLANG_WARN_BOOL_CONVERSION = YES;
				CLANG_WARN_COMMA = YES;
				CLANG_WARN_CONSTANT_CONVERSION = YES;
				CLANG_WARN_DEPRECATED_OBJC_IMPLEMENTATIONS = YES;
				CLANG_WARN_DIRECT_OBJC_ISA_USAGE = YES_ERROR;
				CLANG_WARN_DOCUMENTATION_COMMENTS = YES;
				CLANG_WARN_EMPTY_BODY = YES;
				CLANG_WARN_ENUM_CONVERSION = YES;
				CLANG_WARN_INFINITE_RECURSION = YES;
				CLANG_WARN_INT_CONVERSION = YES;
				CLANG_WARN_NON_LITERAL_NULL_CONVERSION = YES;
				CLANG_WARN_OBJC_IMPLICIT_RETAIN_SELF = YES;
				CLANG_WARN_OBJC_LITERAL_CONVERSION = YES;
				CLANG_WARN_OBJC_ROOT_CLASS = YES_ERROR;
				CLANG_WARN_RANGE_LOOP_ANALYSIS = YES;
				CLANG_WARN_STRICT_PROTOTYPES = YES;
				CLANG_WARN_SUSPICIOUS_MOVE = YES;
				CLANG_WARN_UNGUARDED_AVAILABILITY = YES_AGGRESSIVE;
				CLANG_WARN_UNREACHABLE_CODE = YES;
				CLANG_WARN__DUPLICATE_METHOD_MATCH = YES;
				COPY_PHASE_STRIP = NO;
				DEBUG_INFORMATION_FORMAT = "dwarf-with-dsym";
				ENABLE_NS_ASSERTIONS = NO;
				ENABLE_STRICT_OBJC_MSGSEND = YES;
				GCC_C_LANGUAGE_STANDARD = gnu11;
				GCC_NO_COMMON_BLOCKS = YES;
				GCC_WARN_64_TO_32_BIT_CONVERSION = YES;
				GCC_WARN_ABOUT_RETURN_TYPE = YES_ERROR;
				GCC_WARN_UNDECLARED_SELECTOR = YES;
				GCC_WARN_UNINITIALIZED_AUTOS = YES_AGGRESSIVE;
				GCC_WARN_UNUSED_FUNCTION = YES;
				GCC_WARN_UNUSED_VARIABLE = YES;
				IPHONEOS_DEPLOYMENT_TARGET = 13.6;
				MTL_ENABLE_DEBUG_INFO = NO;
				MTL_FAST_MATH = YES;
				SDKROOT = iphoneos;
				SWIFT_COMPILATION_MODE = wholemodule;
				SWIFT_OPTIMIZATION_LEVEL = "-O";
				VALIDATE_PRODUCT = YES;
			};
			name = Release;
		};
		18A48F2B251BF92A00C8D946 /* Debug */ = {
			isa = XCBuildConfiguration;
			baseConfigurationReference = 6B02E2BA3BCFEB983C6CB79C /* Pods-Flixster.debug.xcconfig */;
			buildSettings = {
				ASSETCATALOG_COMPILER_APPICON_NAME = AppIcon;
				CODE_SIGN_STYLE = Automatic;
				INFOPLIST_FILE = Flixster/Info.plist;
				LD_RUNPATH_SEARCH_PATHS = (
					"$(inherited)",
					"@executable_path/Frameworks",
				);
				PRODUCT_BUNDLE_IDENTIFIER = Codepath.Flixster;
				PRODUCT_NAME = "$(TARGET_NAME)";
				SWIFT_VERSION = 5.0;
				TARGETED_DEVICE_FAMILY = "1,2";
			};
			name = Debug;
		};
		18A48F2C251BF92A00C8D946 /* Release */ = {
			isa = XCBuildConfiguration;
			baseConfigurationReference = 8B2EF114E734A916B53627DE /* Pods-Flixster.release.xcconfig */;
			buildSettings = {
				ASSETCATALOG_COMPILER_APPICON_NAME = AppIcon;
				CODE_SIGN_STYLE = Automatic;
				INFOPLIST_FILE = Flixster/Info.plist;
				LD_RUNPATH_SEARCH_PATHS = (
					"$(inherited)",
					"@executable_path/Frameworks",
				);
				PRODUCT_BUNDLE_IDENTIFIER = Codepath.Flixster;
				PRODUCT_NAME = "$(TARGET_NAME)";
				SWIFT_VERSION = 5.0;
				TARGETED_DEVICE_FAMILY = "1,2";
			};
			name = Release;
		};
		18A48F2E251BF92A00C8D946 /* Debug */ = {
			isa = XCBuildConfiguration;
			baseConfigurationReference = 10512F8AC4DE8D7B54194E8E /* Pods-FlixsterTests.debug.xcconfig */;
			buildSettings = {
				ALWAYS_EMBED_SWIFT_STANDARD_LIBRARIES = YES;
				BUNDLE_LOADER = "$(TEST_HOST)";
				CODE_SIGN_STYLE = Automatic;
				INFOPLIST_FILE = FlixsterTests/Info.plist;
				IPHONEOS_DEPLOYMENT_TARGET = 13.6;
				LD_RUNPATH_SEARCH_PATHS = (
					"$(inherited)",
					"@executable_path/Frameworks",
					"@loader_path/Frameworks",
				);
				PRODUCT_BUNDLE_IDENTIFIER = Codepath.FlixsterTests;
				PRODUCT_NAME = "$(TARGET_NAME)";
				SWIFT_VERSION = 5.0;
				TARGETED_DEVICE_FAMILY = "1,2";
				TEST_HOST = "$(BUILT_PRODUCTS_DIR)/Flixster.app/Flixster";
			};
			name = Debug;
		};
		18A48F2F251BF92A00C8D946 /* Release */ = {
			isa = XCBuildConfiguration;
			baseConfigurationReference = 93DE8656BB402142B656D765 /* Pods-FlixsterTests.release.xcconfig */;
			buildSettings = {
				ALWAYS_EMBED_SWIFT_STANDARD_LIBRARIES = YES;
				BUNDLE_LOADER = "$(TEST_HOST)";
				CODE_SIGN_STYLE = Automatic;
				INFOPLIST_FILE = FlixsterTests/Info.plist;
				IPHONEOS_DEPLOYMENT_TARGET = 13.6;
				LD_RUNPATH_SEARCH_PATHS = (
					"$(inherited)",
					"@executable_path/Frameworks",
					"@loader_path/Frameworks",
				);
				PRODUCT_BUNDLE_IDENTIFIER = Codepath.FlixsterTests;
				PRODUCT_NAME = "$(TARGET_NAME)";
				SWIFT_VERSION = 5.0;
				TARGETED_DEVICE_FAMILY = "1,2";
				TEST_HOST = "$(BUILT_PRODUCTS_DIR)/Flixster.app/Flixster";
			};
			name = Release;
		};
		18A48F31251BF92A00C8D946 /* Debug */ = {
			isa = XCBuildConfiguration;
			baseConfigurationReference = 47852D4735FCE2892FB3595F /* Pods-Flixster-FlixsterUITests.debug.xcconfig */;
			buildSettings = {
				ALWAYS_EMBED_SWIFT_STANDARD_LIBRARIES = YES;
				CODE_SIGN_STYLE = Automatic;
				INFOPLIST_FILE = FlixsterUITests/Info.plist;
				LD_RUNPATH_SEARCH_PATHS = (
					"$(inherited)",
					"@executable_path/Frameworks",
					"@loader_path/Frameworks",
				);
				PRODUCT_BUNDLE_IDENTIFIER = Codepath.FlixsterUITests;
				PRODUCT_NAME = "$(TARGET_NAME)";
				SWIFT_VERSION = 5.0;
				TARGETED_DEVICE_FAMILY = "1,2";
				TEST_TARGET_NAME = Flixster;
			};
			name = Debug;
		};
		18A48F32251BF92A00C8D946 /* Release */ = {
			isa = XCBuildConfiguration;
			baseConfigurationReference = 09EE5BF7F34FE80399D1B66F /* Pods-Flixster-FlixsterUITests.release.xcconfig */;
			buildSettings = {
				ALWAYS_EMBED_SWIFT_STANDARD_LIBRARIES = YES;
				CODE_SIGN_STYLE = Automatic;
				INFOPLIST_FILE = FlixsterUITests/Info.plist;
				LD_RUNPATH_SEARCH_PATHS = (
					"$(inherited)",
					"@executable_path/Frameworks",
					"@loader_path/Frameworks",
				);
				PRODUCT_BUNDLE_IDENTIFIER = Codepath.FlixsterUITests;
				PRODUCT_NAME = "$(TARGET_NAME)";
				SWIFT_VERSION = 5.0;
				TARGETED_DEVICE_FAMILY = "1,2";
				TEST_TARGET_NAME = Flixster;
			};
			name = Release;
		};
/* End XCBuildConfiguration section */

/* Begin XCConfigurationList section */
		18A48EFB251BF92600C8D946 /* Build configuration list for PBXProject "Flixster" */ = {
			isa = XCConfigurationList;
			buildConfigurations = (
				18A48F28251BF92A00C8D946 /* Debug */,
				18A48F29251BF92A00C8D946 /* Release */,
			);
			defaultConfigurationIsVisible = 0;
			defaultConfigurationName = Release;
		};
		18A48F2A251BF92A00C8D946 /* Build configuration list for PBXNativeTarget "Flixster" */ = {
			isa = XCConfigurationList;
			buildConfigurations = (
				18A48F2B251BF92A00C8D946 /* Debug */,
				18A48F2C251BF92A00C8D946 /* Release */,
			);
			defaultConfigurationIsVisible = 0;
			defaultConfigurationName = Release;
		};
		18A48F2D251BF92A00C8D946 /* Build configuration list for PBXNativeTarget "FlixsterTests" */ = {
			isa = XCConfigurationList;
			buildConfigurations = (
				18A48F2E251BF92A00C8D946 /* Debug */,
				18A48F2F251BF92A00C8D946 /* Release */,
			);
			defaultConfigurationIsVisible = 0;
			defaultConfigurationName = Release;
		};
		18A48F30251BF92A00C8D946 /* Build configuration list for PBXNativeTarget "FlixsterUITests" */ = {
			isa = XCConfigurationList;
			buildConfigurations = (
				18A48F31251BF92A00C8D946 /* Debug */,
				18A48F32251BF92A00C8D946 /* Release */,
			);
			defaultConfigurationIsVisible = 0;
			defaultConfigurationName = Release;
		};
/* End XCConfigurationList section */
	};
	rootObject = 18A48EF8251BF92600C8D946 /* Project object */;
}
